// !$*UTF8*$!
{
	archiveVersion = 1;
	classes = {
	};
	objectVersion = 46;
	objects = {

/* Begin PBXBuildFile section */
		9B3A328B1D7579C6006B45B8 /* main.m in Sources */ = {isa = PBXBuildFile; fileRef = 9B3A328A1D7579C6006B45B8 /* main.m */; };
		9B3A328E1D7579C6006B45B8 /* AppDelegate.m in Sources */ = {isa = PBXBuildFile; fileRef = 9B3A328D1D7579C6006B45B8 /* AppDelegate.m */; };
		9B3A32911D7579C6006B45B8 /* ViewController.m in Sources */ = {isa = PBXBuildFile; fileRef = 9B3A32901D7579C6006B45B8 /* ViewController.m */; };
		9B3A32941D7579C6006B45B8 /* Main.storyboard in Resources */ = {isa = PBXBuildFile; fileRef = 9B3A32921D7579C6006B45B8 /* Main.storyboard */; };
		9B3A32961D7579C6006B45B8 /* Assets.xcassets in Resources */ = {isa = PBXBuildFile; fileRef = 9B3A32951D7579C6006B45B8 /* Assets.xcassets */; };
		9B3A32991D7579C6006B45B8 /* LaunchScreen.storyboard in Resources */ = {isa = PBXBuildFile; fileRef = 9B3A32971D7579C6006B45B8 /* LaunchScreen.storyboard */; };
		9B3A32A31D757A65006B45B8 /* MTOptionPickerView.m in Sources */ = {isa = PBXBuildFile; fileRef = 9B3A32A21D757A65006B45B8 /* MTOptionPickerView.m */; };
		9B3A32A51D757A7F006B45B8 /* MTOptionPickerView.xib in Resources */ = {isa = PBXBuildFile; fileRef = 9B3A32A41D757A7F006B45B8 /* MTOptionPickerView.xib */; };
		9BDE595B1D75AB86004AF375 /* MTOptionTableViewCell.m in Sources */ = {isa = PBXBuildFile; fileRef = 9BDE595A1D75AB86004AF375 /* MTOptionTableViewCell.m */; };
/* End PBXBuildFile section */

/* Begin PBXFileReference section */
		9B3A32861D7579C6006B45B8 /* MTOptionPicker.app */ = {isa = PBXFileReference; explicitFileType = wrapper.application; includeInIndex = 0; path = MTOptionPicker.app; sourceTree = BUILT_PRODUCTS_DIR; };
		9B3A328A1D7579C6006B45B8 /* main.m */ = {isa = PBXFileReference; lastKnownFileType = sourcecode.c.objc; path = main.m; sourceTree = "<group>"; };
		9B3A328C1D7579C6006B45B8 /* AppDelegate.h */ = {isa = PBXFileReference; lastKnownFileType = sourcecode.c.h; path = AppDelegate.h; sourceTree = "<group>"; };
		9B3A328D1D7579C6006B45B8 /* AppDelegate.m */ = {isa = PBXFileReference; lastKnownFileType = sourcecode.c.objc; path = AppDelegate.m; sourceTree = "<group>"; };
		9B3A328F1D7579C6006B45B8 /* ViewController.h */ = {isa = PBXFileReference; lastKnownFileType = sourcecode.c.h; path = ViewController.h; sourceTree = "<group>"; };
		9B3A32901D7579C6006B45B8 /* ViewController.m */ = {isa = PBXFileReference; lastKnownFileType = sourcecode.c.objc; path = ViewController.m; sourceTree = "<group>"; };
		9B3A32931D7579C6006B45B8 /* Base */ = {isa = PBXFileReference; lastKnownFileType = file.storyboard; name = Base; path = Base.lproj/Main.storyboard; sourceTree = "<group>"; };
		9B3A32951D7579C6006B45B8 /* Assets.xcassets */ = {isa = PBXFileReference; lastKnownFileType = folder.assetcatalog; path = Assets.xcassets; sourceTree = "<group>"; };
		9B3A32981D7579C6006B45B8 /* Base */ = {isa = PBXFileReference; lastKnownFileType = file.storyboard; name = Base; path = Base.lproj/LaunchScreen.storyboard; sourceTree = "<group>"; };
		9B3A329A1D7579C6006B45B8 /* Info.plist */ = {isa = PBXFileReference; lastKnownFileType = text.plist.xml; path = Info.plist; sourceTree = "<group>"; };
		9B3A32A11D757A65006B45B8 /* MTOptionPickerView.h */ = {isa = PBXFileReference; fileEncoding = 4; lastKnownFileType = sourcecode.c.h; path = MTOptionPickerView.h; sourceTree = "<group>"; };
		9B3A32A21D757A65006B45B8 /* MTOptionPickerView.m */ = {isa = PBXFileReference; fileEncoding = 4; lastKnownFileType = sourcecode.c.objc; path = MTOptionPickerView.m; sourceTree = "<group>"; };
		9B3A32A41D757A7F006B45B8 /* MTOptionPickerView.xib */ = {isa = PBXFileReference; fileEncoding = 4; lastKnownFileType = file.xib; path = MTOptionPickerView.xib; sourceTree = "<group>"; };
		9BDE59591D75AB86004AF375 /* MTOptionTableViewCell.h */ = {isa = PBXFileReference; fileEncoding = 4; lastKnownFileType = sourcecode.c.h; path = MTOptionTableViewCell.h; sourceTree = "<group>"; };
		9BDE595A1D75AB86004AF375 /* MTOptionTableViewCell.m */ = {isa = PBXFileReference; fileEncoding = 4; lastKnownFileType = sourcecode.c.objc; path = MTOptionTableViewCell.m; sourceTree = "<group>"; };
/* End PBXFileReference section */

/* Begin PBXFrameworksBuildPhase section */
		9B3A32831D7579C6006B45B8 /* Frameworks */ = {
			isa = PBXFrameworksBuildPhase;
			buildActionMask = 2147483647;
			files = (
			);
			runOnlyForDeploymentPostprocessing = 0;
		};
/* End PBXFrameworksBuildPhase section */

/* Begin PBXGroup section */
		9B3A327D1D7579C6006B45B8 = {
			isa = PBXGroup;
			children = (
				9B3A32881D7579C6006B45B8 /* MTOptionPicker */,
				9B3A32871D7579C6006B45B8 /* Products */,
			);
			sourceTree = "<group>";
		};
		9B3A32871D7579C6006B45B8 /* Products */ = {
			isa = PBXGroup;
			children = (
				9B3A32861D7579C6006B45B8 /* MTOptionPicker.app */,
			);
			name = Products;
			sourceTree = "<group>";
		};
		9B3A32881D7579C6006B45B8 /* MTOptionPicker */ = {
			isa = PBXGroup;
			children = (
				9B3A32A01D757A14006B45B8 /* OptionPicker */,
				9B3A328C1D7579C6006B45B8 /* AppDelegate.h */,
				9B3A328D1D7579C6006B45B8 /* AppDelegate.m */,
				9B3A328F1D7579C6006B45B8 /* ViewController.h */,
				9B3A32901D7579C6006B45B8 /* ViewController.m */,
				9B3A32921D7579C6006B45B8 /* Main.storyboard */,
				9B3A32951D7579C6006B45B8 /* Assets.xcassets */,
				9B3A32971D7579C6006B45B8 /* LaunchScreen.storyboard */,
				9B3A329A1D7579C6006B45B8 /* Info.plist */,
				9B3A32891D7579C6006B45B8 /* Supporting Files */,
			);
			path = MTOptionPicker;
			sourceTree = "<group>";
		};
		9B3A32891D7579C6006B45B8 /* Supporting Files */ = {
			isa = PBXGroup;
			children = (
				9B3A328A1D7579C6006B45B8 /* main.m */,
			);
			name = "Supporting Files";
			sourceTree = "<group>";
		};
		9B3A32A01D757A14006B45B8 /* OptionPicker */ = {
			isa = PBXGroup;
			children = (
				9B3A32A11D757A65006B45B8 /* MTOptionPickerView.h */,
				9B3A32A21D757A65006B45B8 /* MTOptionPickerView.m */,
				9B3A32A41D757A7F006B45B8 /* MTOptionPickerView.xib */,
				9BDE59591D75AB86004AF375 /* MTOptionTableViewCell.h */,
				9BDE595A1D75AB86004AF375 /* MTOptionTableViewCell.m */,
			);
			path = OptionPicker;
			sourceTree = "<group>";
		};
/* End PBXGroup section */

/* Begin PBXNativeTarget section */
		9B3A32851D7579C6006B45B8 /* MTOptionPicker */ = {
			isa = PBXNativeTarget;
			buildConfigurationList = 9B3A329D1D7579C6006B45B8 /* Build configuration list for PBXNativeTarget "MTOptionPicker" */;
			buildPhases = (
				9B3A32821D7579C6006B45B8 /* Sources */,
				9B3A32831D7579C6006B45B8 /* Frameworks */,
				9B3A32841D7579C6006B45B8 /* Resources */,
			);
			buildRules = (
			);
			dependencies = (
			);
			name = MTOptionPicker;
			productName = MTOptionPicker;
			productReference = 9B3A32861D7579C6006B45B8 /* MTOptionPicker.app */;
			productType = "com.apple.product-type.application";
		};
/* End PBXNativeTarget section */

/* Begin PBXProject section */
		9B3A327E1D7579C6006B45B8 /* Project object */ = {
			isa = PBXProject;
			attributes = {
				LastUpgradeCheck = 0720;
				ORGANIZATIONNAME = mobitronics;
				TargetAttributes = {
					9B3A32851D7579C6006B45B8 = {
						CreatedOnToolsVersion = 7.2;
					};
				};
			};
			buildConfigurationList = 9B3A32811D7579C6006B45B8 /* Build configuration list for PBXProject "MTOptionPicker" */;
			compatibilityVersion = "Xcode 3.2";
			developmentRegion = English;
			hasScannedForEncodings = 0;
			knownRegions = (
				en,
				Base,
			);
			mainGroup = 9B3A327D1D7579C6006B45B8;
			productRefGroup = 9B3A32871D7579C6006B45B8 /* Products */;
			projectDirPath = "";
			projectRoot = "";
			targets = (
				9B3A32851D7579C6006B45B8 /* MTOptionPicker */,
			);
		};
/* End PBXProject section */

/* Begin PBXResourcesBuildPhase section */
		9B3A32841D7579C6006B45B8 /* Resources */ = {
			isa = PBXResourcesBuildPhase;
			buildActionMask = 2147483647;
			files = (
				9B3A32991D7579C6006B45B8 /* LaunchScreen.storyboard in Resources */,
				9B3A32961D7579C6006B45B8 /* Assets.xcassets in Resources */,
				9B3A32A51D757A7F006B45B8 /* MTOptionPickerView.xib in Resources */,
				9B3A32941D7579C6006B45B8 /* Main.storyboard in Resources */,
			);
			runOnlyForDeploymentPostprocessing = 0;
		};
/* End PBXResourcesBuildPhase section */

/* Begin PBXSourcesBuildPhase section */
		9B3A32821D7579C6006B45B8 /* Sources */ = {
			isa = PBXSourcesBuildPhase;
			buildActionMask = 2147483647;
			files = (
				9B3A32911D7579C6006B45B8 /* ViewController.m in Sources */,
				9B3A328E1D7579C6006B45B8 /* AppDelegate.m in Sources */,
				9B3A32A31D757A65006B45B8 /* MTOptionPickerView.m in Sources */,
				9B3A328B1D7579C6006B45B8 /* main.m in Sources */,
				9BDE595B1D75AB86004AF375 /* MTOptionTableViewCell.m in Sources */,
			);
			runOnlyForDeploymentPostprocessing = 0;
		};
/* End PBXSourcesBuildPhase section */

/* Begin PBXVariantGroup section */
		9B3A32921D7579C6006B45B8 /* Main.storyboard */ = {
			isa = PBXVariantGroup;
			children = (
				9B3A32931D7579C6006B45B8 /* Base */,
			);
			name = Main.storyboard;
			sourceTree = "<group>";
		};
		9B3A32971D7579C6006B45B8 /* LaunchScreen.storyboard */ = {
			isa = PBXVariantGroup;
			children = (
				9B3A32981D7579C6006B45B8 /* Base */,
			);
			name = LaunchScreen.storyboard;
			sourceTree = "<group>";
		};
/* End PBXVariantGroup section */

/* Begin XCBuildConfiguration section */
		9B3A329B1D7579C6006B45B8 /* Debug */ = {
			isa = XCBuildConfiguration;
			buildSettings = {
				ALWAYS_SEARCH_USER_PATHS = NO;
				CLANG_CXX_LANGUAGE_STANDARD = "gnu++0x";
				CLANG_CXX_LIBRARY = "libc++";
				CLANG_ENABLE_MODULES = YES;
				CLANG_ENABLE_OBJC_ARC = YES;
				CLANG_WARN_BOOL_CONVERSION = YES;
				CLANG_WARN_CONSTANT_CONVERSION = YES;
				CLANG_WARN_DIRECT_OBJC_ISA_USAGE = YES_ERROR;
				CLANG_WARN_EMPTY_BODY = YES;
				CLANG_WARN_ENUM_CONVERSION = YES;
				CLANG_WARN_INT_CONVERSION = YES;
				CLANG_WARN_OBJC_ROOT_CLASS = YES_ERROR;
				CLANG_WARN_UNREACHABLE_CODE = YES;
				CLANG_WARN__DUPLICATE_METHOD_MATCH = YES;
				"CODE_SIGN_IDENTITY[sdk=iphoneos*]" = "iPhone Developer";
				COPY_PHASE_STRIP = NO;
				DEBUG_INFORMATION_FORMAT = dwarf;
				ENABLE_STRICT_OBJC_MSGSEND = YES;
				ENABLE_TESTABILITY = YES;
				GCC_C_LANGUAGE_STANDARD = gnu99;
				GCC_DYNAMIC_NO_PIC = NO;
				GCC_NO_COMMON_BLOCKS = YES;
				GCC_OPTIMIZATION_LEVEL = 0;
				GCC_PREPROCESSOR_DEFINITIONS = (
					"DEBUG=1",
					"$(inherited)",
				);
				GCC_WARN_64_TO_32_BIT_CONVERSION = YES;
				GCC_WARN_ABOUT_RETURN_TYPE = YES_ERROR;
				GCC_WARN_UNDECLARED_SELECTOR = YES;
				GCC_WARN_UNINITIALIZED_AUTOS = YES_AGGRESSIVE;
				GCC_WARN_UNUSED_FUNCTION = YES;
				GCC_WARN_UNUSED_VARIABLE = YES;
				IPHONEOS_DEPLOYMENT_TARGET = 9.2;
				MTL_ENABLE_DEBUG_INFO = YES;
				ONLY_ACTIVE_ARCH = YES;
				SDKROOT = iphoneos;
			};
			name = Debug;
		};
		9B3A329C1D7579C6006B45B8 /* Release */ = {
			isa = XCBuildConfiguration;
			buildSettings = {
				ALWAYS_SEARCH_USER_PATHS = NO;
				CLANG_CXX_LANGUAGE_STANDARD = "gnu++0x";
				CLANG_CXX_LIBRARY = "libc++";
				CLANG_ENABLE_MODULES = YES;
				CLANG_ENABLE_OBJC_ARC = YES;
				CLANG_WARN_BOOL_CONVERSION = YES;
				CLANG_WARN_CONSTANT_CONVERSION = YES;
				CLANG_WARN_DIRECT_OBJC_ISA_USAGE = YES_ERROR;
				CLANG_WARN_EMPTY_BODY = YES;
				CLANG_WARN_ENUM_CONVERSION = YES;
				CLANG_WARN_INT_CONVERSION = YES;
				CLANG_WARN_OBJC_ROOT_CLASS = YES_ERROR;
				CLANG_WARN_UNREACHABLE_CODE = YES;
				CLANG_WARN__DUPLICATE_METHOD_MATCH = YES;
				"CODE_SIGN_IDENTITY[sdk=iphoneos*]" = "iPhone Developer";
				COPY_PHASE_STRIP = NO;
				DEBUG_INFORMATION_FORMAT = "dwarf-with-dsym";
				ENABLE_NS_ASSERTIONS = NO;
				ENABLE_STRICT_OBJC_MSGSEND = YES;
				GCC_C_LANGUAGE_STANDARD = gnu99;
				GCC_NO_COMMON_BLOCKS = YES;
				GCC_WARN_64_TO_32_BIT_CONVERSION = YES;
				GCC_WARN_ABOUT_RETURN_TYPE = YES_ERROR;
				GCC_WARN_UNDECLARED_SELECTOR = YES;
				GCC_WARN_UNINITIALIZED_AUTOS = YES_AGGRESSIVE;
				GCC_WARN_UNUSED_FUNCTION = YES;
				GCC_WARN_UNUSED_VARIABLE = YES;
				IPHONEOS_DEPLOYMENT_TARGET = 9.2;
				MTL_ENABLE_DEBUG_INFO = NO;
				SDKROOT = iphoneos;
				VALIDATE_PRODUCT = YES;
			};
			name = Release;
		};
		9B3A329E1D7579C6006B45B8 /* Debug */ = {
			isa = XCBuildConfiguration;
			buildSettings = {
				ASSETCATALOG_COMPILER_APPICON_NAME = AppIcon;
				INFOPLIST_FILE = MTOptionPicker/Info.plist;
				LD_RUNPATH_SEARCH_PATHS = "$(inherited) @executable_path/Frameworks";
				PRODUCT_BUNDLE_IDENTIFIER = com.mobitronics.MTOptionPicker;
				PRODUCT_NAME = "$(TARGET_NAME)";
			};
			name = Debug;
		};
		9B3A329F1D7579C6006B45B8 /* Release */ = {
			isa = XCBuildConfiguration;
			buildSettings = {
				ASSETCATALOG_COMPILER_APPICON_NAME = AppIcon;
				INFOPLIST_FILE = MTOptionPicker/Info.plist;
				LD_RUNPATH_SEARCH_PATHS = "$(inherited) @executable_path/Frameworks";
				PRODUCT_BUNDLE_IDENTIFIER = com.mobitronics.MTOptionPicker;
				PRODUCT_NAME = "$(TARGET_NAME)";
			};
			name = Release;
		};
/* End XCBuildConfiguration section */

/* Begin XCConfigurationList section */
		9B3A32811D7579C6006B45B8 /* Build configuration list for PBXProject "MTOptionPicker" */ = {
			isa = XCConfigurationList;
			buildConfigurations = (
				9B3A329B1D7579C6006B45B8 /* Debug */,
				9B3A329C1D7579C6006B45B8 /* Release */,
			);
			defaultConfigurationIsVisible = 0;
			defaultConfigurationName = Release;
		};
		9B3A329D1D7579C6006B45B8 /* Build configuration list for PBXNativeTarget "MTOptionPicker" */ = {
			isa = XCConfigurationList;
			buildConfigurations = (
				9B3A329E1D7579C6006B45B8 /* Debug */,
				9B3A329F1D7579C6006B45B8 /* Release */,
			);
			defaultConfigurationIsVisible = 0;
			defaultConfigurationName = Release;
		};
/* End XCConfigurationList section */
	};
	rootObject = 9B3A327E1D7579C6006B45B8 /* Project object */;
}
